
Microsoft Visual Studio Solution File, Format Version 12.00
# Visual Studio Version 17
VisualStudioVersion = 17.12.35527.113 d17.12
MinimumVisualStudioVersion = 10.0.40219.1
Project("{FAE04EC0-301F-11D3-BF4B-00C04F79EFBC}") = "Full API Controller_Santos K", "Full API Controller_Santos K.csproj", "{230315BF-25CF-4677-989F-619DCCEFB6D6}"
EndProject
Global
	GlobalSection(SolutionConfigurationPlatforms) = preSolution
		Debug|Any CPU = Debug|Any CPU
		Release|Any CPU = Release|Any CPU
	EndGlobalSection
	GlobalSection(ProjectConfigurationPlatforms) = postSolution
		{230315BF-25CF-4677-989F-619DCCEFB6D6}.Debug|Any CPU.ActiveCfg = Debug|Any CPU
		{230315BF-25CF-4677-989F-619DCCEFB6D6}.Debug|Any CPU.Build.0 = Debug|Any CPU
		{230315BF-25CF-4677-989F-619DCCEFB6D6}.Release|Any CPU.ActiveCfg = Release|Any CPU
		{230315BF-25CF-4677-989F-619DCCEFB6D6}.Release|Any CPU.Build.0 = Release|Any CPU
	EndGlobalSection
	GlobalSection(SolutionProperties) = preSolution
		HideSolutionNode = FALSE
	EndGlobalSection
EndGlobal
